// !$*UTF8*$!
{
	archiveVersion = 1;
	classes = {
	};
	objectVersion = 56;
	objects = {

/* Begin PBXBuildFile section */
		1D0C12422CC8BFD5006490F3 /* CardElement.swift in Sources */ = {isa = PBXBuildFile; fileRef = 1D0C12412CC8BFD5006490F3 /* CardElement.swift */; };
		1D0C12442CC8BFFE006490F3 /* Card.swift in Sources */ = {isa = PBXBuildFile; fileRef = 1D0C12432CC8BFFE006490F3 /* Card.swift */; };
		1D0C12462CC8C061006490F3 /* CardStore.swift in Sources */ = {isa = PBXBuildFile; fileRef = 1D0C12452CC8C061006490F3 /* CardStore.swift */; };
		1D0C12482CC8C607006490F3 /* CardDetailView.swift in Sources */ = {isa = PBXBuildFile; fileRef = 1D0C12472CC8C607006490F3 /* CardDetailView.swift */; };
		1D0C124A2CC8C6B3006490F3 /* CardElementView.swift in Sources */ = {isa = PBXBuildFile; fileRef = 1D0C12492CC8C6B3006490F3 /* CardElementView.swift */; };
		1D146DA92CE091EA00EEC04C /* AppLoadingView.swift in Sources */ = {isa = PBXBuildFile; fileRef = 1D146DA82CE091EA00EEC04C /* AppLoadingView.swift */; };
		1D146DAB2CE091F700EEC04C /* SplashScreen.swift in Sources */ = {isa = PBXBuildFile; fileRef = 1D146DAA2CE091F700EEC04C /* SplashScreen.swift */; };
		1D3551F12CD9E89B0024C9DF /* AngleExtensions.swift in Sources */ = {isa = PBXBuildFile; fileRef = 1D3551F02CD9E89B0024C9DF /* AngleExtensions.swift */; };
		1D3551F32CD9F1540024C9DF /* TextModal.swift in Sources */ = {isa = PBXBuildFile; fileRef = 1D3551F22CD9F1540024C9DF /* TextModal.swift */; };
		1D48309A2CD0B96400CEEC43 /* PhotosModal.swift in Sources */ = {isa = PBXBuildFile; fileRef = 1D4830992CD0B96400CEEC43 /* PhotosModal.swift */; };
		1D48309C2CD0BCC100CEEC43 /* UIImageExtensions.swift in Sources */ = {isa = PBXBuildFile; fileRef = 1D48309B2CD0BCC100CEEC43 /* UIImageExtensions.swift */; };
		1D48309E2CD0BD3100CEEC43 /* CustomTransfer.swift in Sources */ = {isa = PBXBuildFile; fileRef = 1D48309D2CD0BD3100CEEC43 /* CustomTransfer.swift */; };
		1D4830A02CD0BEDA00CEEC43 /* ElementContextMenu.swift in Sources */ = {isa = PBXBuildFile; fileRef = 1D48309F2CD0BEDA00CEEC43 /* ElementContextMenu.swift */; };
		1D4DCF372CDAA0680055858B /* LayoutView.swift in Sources */ = {isa = PBXBuildFile; fileRef = 1D4DCF362CDAA0680055858B /* LayoutView.swift */; };
		1D4EDC392CDAAD2000742E4C /* Assets.xcassets in Resources */ = {isa = PBXBuildFile; fileRef = 1D4EDC382CDAAD2000742E4C /* Assets.xcassets */; };
		1D4FE46B2CD75C800010DA1C /* Preview Assets.xcassets in Resources */ = {isa = PBXBuildFile; fileRef = 1D4FE46A2CD75C800010DA1C /* Preview Assets.xcassets */; };
		1D5BFE092CD4970F0091D7D6 /* Shapes.swift in Sources */ = {isa = PBXBuildFile; fileRef = 1D5BFE082CD4970F0091D7D6 /* Shapes.swift */; };
		1D5BFE0B2CD74C0C0091D7D6 /* FrameModal.swift in Sources */ = {isa = PBXBuildFile; fileRef = 1D5BFE0A2CD74C0C0091D7D6 /* FrameModal.swift */; };
		1D7055F62CC7345E0008E775 /* Transform.swift in Sources */ = {isa = PBXBuildFile; fileRef = 1D7055F52CC7345E0008E775 /* Transform.swift */; };
		1D7055F82CC736CB0008E775 /* Operators.swift in Sources */ = {isa = PBXBuildFile; fileRef = 1D7055F72CC736CB0008E775 /* Operators.swift */; };
		1D7055FB2CC757DA0008E775 /* Settings.swift in Sources */ = {isa = PBXBuildFile; fileRef = 1D7055FA2CC757DA0008E775 /* Settings.swift */; };
		1D7055FE2CC758B60008E775 /* ColorExtensions.swift in Sources */ = {isa = PBXBuildFile; fileRef = 1D7055FD2CC758B60008E775 /* ColorExtensions.swift */; };
		1D7056002CC759A90008E775 /* CardToolbar.swift in Sources */ = {isa = PBXBuildFile; fileRef = 1D7055FF2CC759A90008E775 /* CardToolbar.swift */; };
		1D7056022CC75E410008E775 /* PreviewData.swift in Sources */ = {isa = PBXBuildFile; fileRef = 1D7056012CC75E410008E775 /* PreviewData.swift */; };
		1D7056042CC75E5E0008E775 /* TextExtensions.swift in Sources */ = {isa = PBXBuildFile; fileRef = 1D7056032CC75E5E0008E775 /* TextExtensions.swift */; };
		1D758C162CC0E71800BFA876 /* CardsApp.swift in Sources */ = {isa = PBXBuildFile; fileRef = 1D758C152CC0E71800BFA876 /* CardsApp.swift */; };
		1D758C182CC0E71800BFA876 /* ContentView.swift in Sources */ = {isa = PBXBuildFile; fileRef = 1D758C172CC0E71800BFA876 /* ContentView.swift */; };
		1D758C242CC0E7C800BFA876 /* CardsListView.swift in Sources */ = {isa = PBXBuildFile; fileRef = 1D758C232CC0E7C700BFA876 /* CardsListView.swift */; };
		1D758C262CC0E8AB00BFA876 /* CardThumbnail.swift in Sources */ = {isa = PBXBuildFile; fileRef = 1D758C252CC0E8AB00BFA876 /* CardThumbnail.swift */; };
		1D758C282CC0E96B00BFA876 /* SingleCardView.swift in Sources */ = {isa = PBXBuildFile; fileRef = 1D758C272CC0E96B00BFA876 /* SingleCardView.swift */; };
		1D79E1E32CC374370025909A /* ResizableView.swift in Sources */ = {isa = PBXBuildFile; fileRef = 1D79E1E22CC374370025909A /* ResizableView.swift */; };
		1D880F722CE32D9E00082A39 /* ListSelection.swift in Sources */ = {isa = PBXBuildFile; fileRef = 1D880F712CE32D9E00082A39 /* ListSelection.swift */; };
		1D880F822CE3317D00082A39 /* AppFonts.swift in Sources */ = {isa = PBXBuildFile; fileRef = 1D880F812CE3317D00082A39 /* AppFonts.swift */; };
		1D880F842CE3319D00082A39 /* Carousel.swift in Sources */ = {isa = PBXBuildFile; fileRef = 1D880F832CE3319D00082A39 /* Carousel.swift */; };
		1D880F862CE331C500082A39 /* ShareCardView.swift in Sources */ = {isa = PBXBuildFile; fileRef = 1D880F852CE331C500082A39 /* ShareCardView.swift */; };
		1D880F882CE331E600082A39 /* TextView.swift in Sources */ = {isa = PBXBuildFile; fileRef = 1D880F872CE331E600082A39 /* TextView.swift */; };
		1DD1D6532CC212B00060FC91 /* BottomToolbar.swift in Sources */ = {isa = PBXBuildFile; fileRef = 1DD1D6522CC212B00060FC91 /* BottomToolbar.swift */; };
		1DD1D6552CC212C20060FC91 /* ToolbarSelection.swift in Sources */ = {isa = PBXBuildFile; fileRef = 1DD1D6542CC212C20060FC91 /* ToolbarSelection.swift */; };
		1DEC800F2CD0B199009A8E81 /* Stickers in Resources */ = {isa = PBXBuildFile; fileRef = 1DEC800E2CD0B199009A8E81 /* Stickers */; };
		1DEC80122CD0B21E009A8E81 /* StickerModal.swift in Sources */ = {isa = PBXBuildFile; fileRef = 1DEC80112CD0B21E009A8E81 /* StickerModal.swift */; };
/* End PBXBuildFile section */

/* Begin PBXFileReference section */
		1D0C12412CC8BFD5006490F3 /* CardElement.swift */ = {isa = PBXFileReference; lastKnownFileType = sourcecode.swift; path = CardElement.swift; sourceTree = "<group>"; };
		1D0C12432CC8BFFE006490F3 /* Card.swift */ = {isa = PBXFileReference; lastKnownFileType = sourcecode.swift; path = Card.swift; sourceTree = "<group>"; };
		1D0C12452CC8C061006490F3 /* CardStore.swift */ = {isa = PBXFileReference; lastKnownFileType = sourcecode.swift; path = CardStore.swift; sourceTree = "<group>"; };
		1D0C12472CC8C607006490F3 /* CardDetailView.swift */ = {isa = PBXFileReference; lastKnownFileType = sourcecode.swift; path = CardDetailView.swift; sourceTree = "<group>"; };
		1D0C12492CC8C6B3006490F3 /* CardElementView.swift */ = {isa = PBXFileReference; lastKnownFileType = sourcecode.swift; path = CardElementView.swift; sourceTree = "<group>"; };
		1D146DA82CE091EA00EEC04C /* AppLoadingView.swift */ = {isa = PBXFileReference; lastKnownFileType = sourcecode.swift; path = AppLoadingView.swift; sourceTree = "<group>"; };
		1D146DAA2CE091F700EEC04C /* SplashScreen.swift */ = {isa = PBXFileReference; lastKnownFileType = sourcecode.swift; path = SplashScreen.swift; sourceTree = "<group>"; };
		1D3551F02CD9E89B0024C9DF /* AngleExtensions.swift */ = {isa = PBXFileReference; lastKnownFileType = sourcecode.swift; path = AngleExtensions.swift; sourceTree = "<group>"; };
		1D3551F22CD9F1540024C9DF /* TextModal.swift */ = {isa = PBXFileReference; lastKnownFileType = sourcecode.swift; path = TextModal.swift; sourceTree = "<group>"; };
		1D4830992CD0B96400CEEC43 /* PhotosModal.swift */ = {isa = PBXFileReference; lastKnownFileType = sourcecode.swift; path = PhotosModal.swift; sourceTree = "<group>"; };
		1D48309B2CD0BCC100CEEC43 /* UIImageExtensions.swift */ = {isa = PBXFileReference; lastKnownFileType = sourcecode.swift; path = UIImageExtensions.swift; sourceTree = "<group>"; };
		1D48309D2CD0BD3100CEEC43 /* CustomTransfer.swift */ = {isa = PBXFileReference; lastKnownFileType = sourcecode.swift; path = CustomTransfer.swift; sourceTree = "<group>"; };
		1D48309F2CD0BEDA00CEEC43 /* ElementContextMenu.swift */ = {isa = PBXFileReference; lastKnownFileType = sourcecode.swift; path = ElementContextMenu.swift; sourceTree = "<group>"; };
		1D4DCF362CDAA0680055858B /* LayoutView.swift */ = {isa = PBXFileReference; lastKnownFileType = sourcecode.swift; path = LayoutView.swift; sourceTree = "<group>"; };
		1D4EDC382CDAAD2000742E4C /* Assets.xcassets */ = {isa = PBXFileReference; lastKnownFileType = folder.assetcatalog; name = Assets.xcassets; path = ../../../Downloads/Assets.xcassets; sourceTree = "<group>"; };
		1D4FE46A2CD75C800010DA1C /* Preview Assets.xcassets */ = {isa = PBXFileReference; lastKnownFileType = folder.assetcatalog; path = "Preview Assets.xcassets"; sourceTree = "<group>"; };
		1D5BFE082CD4970F0091D7D6 /* Shapes.swift */ = {isa = PBXFileReference; lastKnownFileType = sourcecode.swift; path = Shapes.swift; sourceTree = "<group>"; };
		1D5BFE0A2CD74C0C0091D7D6 /* FrameModal.swift */ = {isa = PBXFileReference; lastKnownFileType = sourcecode.swift; path = FrameModal.swift; sourceTree = "<group>"; };
		1D7055F52CC7345E0008E775 /* Transform.swift */ = {isa = PBXFileReference; lastKnownFileType = sourcecode.swift; path = Transform.swift; sourceTree = "<group>"; };
		1D7055F72CC736CB0008E775 /* Operators.swift */ = {isa = PBXFileReference; lastKnownFileType = sourcecode.swift; path = Operators.swift; sourceTree = "<group>"; };
		1D7055FA2CC757DA0008E775 /* Settings.swift */ = {isa = PBXFileReference; lastKnownFileType = sourcecode.swift; path = Settings.swift; sourceTree = "<group>"; };
		1D7055FD2CC758B60008E775 /* ColorExtensions.swift */ = {isa = PBXFileReference; lastKnownFileType = sourcecode.swift; path = ColorExtensions.swift; sourceTree = "<group>"; };
		1D7055FF2CC759A90008E775 /* CardToolbar.swift */ = {isa = PBXFileReference; lastKnownFileType = sourcecode.swift; path = CardToolbar.swift; sourceTree = "<group>"; };
		1D7056012CC75E410008E775 /* PreviewData.swift */ = {isa = PBXFileReference; fileEncoding = 4; lastKnownFileType = sourcecode.swift; path = PreviewData.swift; sourceTree = "<group>"; };
		1D7056032CC75E5E0008E775 /* TextExtensions.swift */ = {isa = PBXFileReference; fileEncoding = 4; lastKnownFileType = sourcecode.swift; path = TextExtensions.swift; sourceTree = "<group>"; };
		1D758C122CC0E71800BFA876 /* Cards.app */ = {isa = PBXFileReference; explicitFileType = wrapper.application; includeInIndex = 0; path = Cards.app; sourceTree = BUILT_PRODUCTS_DIR; };
		1D758C152CC0E71800BFA876 /* CardsApp.swift */ = {isa = PBXFileReference; lastKnownFileType = sourcecode.swift; path = CardsApp.swift; sourceTree = "<group>"; };
		1D758C172CC0E71800BFA876 /* ContentView.swift */ = {isa = PBXFileReference; lastKnownFileType = sourcecode.swift; path = ContentView.swift; sourceTree = "<group>"; };
		1D758C232CC0E7C700BFA876 /* CardsListView.swift */ = {isa = PBXFileReference; lastKnownFileType = sourcecode.swift; path = CardsListView.swift; sourceTree = "<group>"; };
		1D758C252CC0E8AB00BFA876 /* CardThumbnail.swift */ = {isa = PBXFileReference; lastKnownFileType = sourcecode.swift; path = CardThumbnail.swift; sourceTree = "<group>"; };
		1D758C272CC0E96B00BFA876 /* SingleCardView.swift */ = {isa = PBXFileReference; lastKnownFileType = sourcecode.swift; path = SingleCardView.swift; sourceTree = "<group>"; };
		1D79E1E22CC374370025909A /* ResizableView.swift */ = {isa = PBXFileReference; lastKnownFileType = sourcecode.swift; path = ResizableView.swift; sourceTree = "<group>"; };
		1D880F712CE32D9E00082A39 /* ListSelection.swift */ = {isa = PBXFileReference; lastKnownFileType = sourcecode.swift; path = ListSelection.swift; sourceTree = SOURCE_ROOT; };
		1D880F812CE3317D00082A39 /* AppFonts.swift */ = {isa = PBXFileReference; lastKnownFileType = sourcecode.swift; path = AppFonts.swift; sourceTree = "<group>"; };
		1D880F832CE3319D00082A39 /* Carousel.swift */ = {isa = PBXFileReference; lastKnownFileType = sourcecode.swift; path = Carousel.swift; sourceTree = "<group>"; };
		1D880F852CE331C500082A39 /* ShareCardView.swift */ = {isa = PBXFileReference; lastKnownFileType = sourcecode.swift; path = ShareCardView.swift; sourceTree = "<group>"; };
		1D880F872CE331E600082A39 /* TextView.swift */ = {isa = PBXFileReference; lastKnownFileType = sourcecode.swift; path = TextView.swift; sourceTree = "<group>"; };
		1DD1D6522CC212B00060FC91 /* BottomToolbar.swift */ = {isa = PBXFileReference; lastKnownFileType = sourcecode.swift; path = BottomToolbar.swift; sourceTree = "<group>"; };
		1DD1D6542CC212C20060FC91 /* ToolbarSelection.swift */ = {isa = PBXFileReference; lastKnownFileType = sourcecode.swift; path = ToolbarSelection.swift; sourceTree = "<group>"; };
		1DEC800D2CD0AF70009A8E81 /* Info.plist */ = {isa = PBXFileReference; lastKnownFileType = text.plist; path = Info.plist; sourceTree = "<group>"; };
		1DEC800E2CD0B199009A8E81 /* Stickers */ = {isa = PBXFileReference; lastKnownFileType = folder; name = Stickers; path = "../../../Downloads/TesneemE suia-materials editions-2.0 16-adding-assets-to-your-app_assets/Stickers"; sourceTree = "<group>"; };
		1DEC80112CD0B21E009A8E81 /* StickerModal.swift */ = {isa = PBXFileReference; lastKnownFileType = sourcecode.swift; path = StickerModal.swift; sourceTree = "<group>"; };
/* End PBXFileReference section */

/* Begin PBXFrameworksBuildPhase section */
		1D758C0F2CC0E71800BFA876 /* Frameworks */ = {
			isa = PBXFrameworksBuildPhase;
			buildActionMask = 2147483647;
			files = (
			);
			runOnlyForDeploymentPostprocessing = 0;
		};
/* End PBXFrameworksBuildPhase section */

/* Begin PBXGroup section */
		1D7055F42CC7344E0008E775 /* Model */ = {
			isa = PBXGroup;
			children = (
				1D7055F52CC7345E0008E775 /* Transform.swift */,
				1D5BFE082CD4970F0091D7D6 /* Shapes.swift */,
				1D0C12412CC8BFD5006490F3 /* CardElement.swift */,
				1D0C12432CC8BFFE006490F3 /* Card.swift */,
				1D48309D2CD0BD3100CEEC43 /* CustomTransfer.swift */,
				1D0C12452CC8C061006490F3 /* CardStore.swift */,
			);
			path = Model;
			sourceTree = "<group>";
		};
		1D7055F92CC757C40008E775 /* Config */ = {
			isa = PBXGroup;
			children = (
				1D7055FA2CC757DA0008E775 /* Settings.swift */,
			);
			path = Config;
			sourceTree = "<group>";
		};
		1D7055FC2CC758930008E775 /* Extensions */ = {
			isa = PBXGroup;
			children = (
				1D7055FD2CC758B60008E775 /* ColorExtensions.swift */,
				1D7056032CC75E5E0008E775 /* TextExtensions.swift */,
				1D48309B2CD0BCC100CEEC43 /* UIImageExtensions.swift */,
				1D3551F02CD9E89B0024C9DF /* AngleExtensions.swift */,
			);
			path = Extensions;
			sourceTree = "<group>";
		};
		1D758C092CC0E71800BFA876 = {
			isa = PBXGroup;
			children = (
				1D758C142CC0E71800BFA876 /* Cards */,
				1D758C132CC0E71800BFA876 /* Products */,
			);
			sourceTree = "<group>";
		};
		1D758C132CC0E71800BFA876 /* Products */ = {
			isa = PBXGroup;
			children = (
				1D758C122CC0E71800BFA876 /* Cards.app */,
			);
			name = Products;
			sourceTree = "<group>";
		};
		1D758C142CC0E71800BFA876 /* Cards */ = {
			isa = PBXGroup;
			children = (
				1D880F802CE3315E00082A39 /* Supporting Code */,
				1D146DA82CE091EA00EEC04C /* AppLoadingView.swift */,
				1D146DAA2CE091F700EEC04C /* SplashScreen.swift */,
				1D758C152CC0E71800BFA876 /* CardsApp.swift */,
				1D7055F72CC736CB0008E775 /* Operators.swift */,
				1DEC800D2CD0AF70009A8E81 /* Info.plist */,
				1D7055FC2CC758930008E775 /* Extensions */,
				1D7055F92CC757C40008E775 /* Config */,
				1D7055F42CC7344E0008E775 /* Model */,
				1D4EDC382CDAAD2000742E4C /* Assets.xcassets */,
				1DD1D6562CC21B1B0060FC91 /* Views */,
				1D758C1B2CC0E71A00BFA876 /* Preview Content */,
				1DEC800E2CD0B199009A8E81 /* Stickers */,
			);
			path = Cards;
			sourceTree = "<group>";
		};
		1D758C1B2CC0E71A00BFA876 /* Preview Content */ = {
			isa = PBXGroup;
			children = (
				1D4FE46A2CD75C800010DA1C /* Preview Assets.xcassets */,
				1D7056012CC75E410008E775 /* PreviewData.swift */,
			);
			path = "Preview Content";
			sourceTree = "<group>";
		};
		1D880F802CE3315E00082A39 /* Supporting Code */ = {
			isa = PBXGroup;
			children = (
				1D880F812CE3317D00082A39 /* AppFonts.swift */,
				1D880F832CE3319D00082A39 /* Carousel.swift */,
				1D880F852CE331C500082A39 /* ShareCardView.swift */,
				1D880F872CE331E600082A39 /* TextView.swift */,
			);
			path = "Supporting Code";
			sourceTree = "<group>";
		};
		1DD1D6562CC21B1B0060FC91 /* Views */ = {
			isa = PBXGroup;
			children = (
				1DD1D6572CC21CFD0060FC91 /* Single Card Views */,
				1D758C252CC0E8AB00BFA876 /* CardThumbnail.swift */,
				1D758C232CC0E7C700BFA876 /* CardsListView.swift */,
				1D880F712CE32D9E00082A39 /* ListSelection.swift */,
				1D79E1E22CC374370025909A /* ResizableView.swift */,
				1D758C172CC0E71800BFA876 /* ContentView.swift */,
				1D4DCF362CDAA0680055858B /* LayoutView.swift */,
			);
			path = Views;
			sourceTree = "<group>";
		};
		1DD1D6572CC21CFD0060FC91 /* Single Card Views */ = {
			isa = PBXGroup;
			children = (
				1DEC80102CD0B203009A8E81 /* Card Modal Views */,
				1D758C272CC0E96B00BFA876 /* SingleCardView.swift */,
				1DD1D6522CC212B00060FC91 /* BottomToolbar.swift */,
				1DD1D6542CC212C20060FC91 /* ToolbarSelection.swift */,
				1D7055FF2CC759A90008E775 /* CardToolbar.swift */,
				1D0C12472CC8C607006490F3 /* CardDetailView.swift */,
				1D0C12492CC8C6B3006490F3 /* CardElementView.swift */,
				1D48309F2CD0BEDA00CEEC43 /* ElementContextMenu.swift */,
			);
			path = "Single Card Views";
			sourceTree = "<group>";
		};
		1DEC80102CD0B203009A8E81 /* Card Modal Views */ = {
			isa = PBXGroup;
			children = (
				1DEC80112CD0B21E009A8E81 /* StickerModal.swift */,
				1D4830992CD0B96400CEEC43 /* PhotosModal.swift */,
				1D5BFE0A2CD74C0C0091D7D6 /* FrameModal.swift */,
				1D3551F22CD9F1540024C9DF /* TextModal.swift */,
			);
			path = "Card Modal Views";
			sourceTree = "<group>";
		};
/* End PBXGroup section */

/* Begin PBXNativeTarget section */
		1D758C112CC0E71800BFA876 /* Cards */ = {
			isa = PBXNativeTarget;
			buildConfigurationList = 1D758C202CC0E71A00BFA876 /* Build configuration list for PBXNativeTarget "Cards" */;
			buildPhases = (
				1D758C0E2CC0E71800BFA876 /* Sources */,
				1D758C0F2CC0E71800BFA876 /* Frameworks */,
				1D758C102CC0E71800BFA876 /* Resources */,
			);
			buildRules = (
			);
			dependencies = (
			);
			name = Cards;
			productName = Cards;
			productReference = 1D758C122CC0E71800BFA876 /* Cards.app */;
			productType = "com.apple.product-type.application";
		};
/* End PBXNativeTarget section */

/* Begin PBXProject section */
		1D758C0A2CC0E71800BFA876 /* Project object */ = {
			isa = PBXProject;
			attributes = {
				BuildIndependentTargetsInParallel = 1;
				LastSwiftUpdateCheck = 1430;
				LastUpgradeCheck = 1430;
				TargetAttributes = {
					1D758C112CC0E71800BFA876 = {
						CreatedOnToolsVersion = 14.3.1;
					};
				};
			};
			buildConfigurationList = 1D758C0D2CC0E71800BFA876 /* Build configuration list for PBXProject "Cards" */;
			compatibilityVersion = "Xcode 14.0";
			developmentRegion = en;
			hasScannedForEncodings = 0;
			knownRegions = (
				en,
				Base,
			);
			mainGroup = 1D758C092CC0E71800BFA876;
			productRefGroup = 1D758C132CC0E71800BFA876 /* Products */;
			projectDirPath = "";
			projectRoot = "";
			targets = (
				1D758C112CC0E71800BFA876 /* Cards */,
			);
		};
/* End PBXProject section */

/* Begin PBXResourcesBuildPhase section */
		1D758C102CC0E71800BFA876 /* Resources */ = {
			isa = PBXResourcesBuildPhase;
			buildActionMask = 2147483647;
			files = (
				1D4FE46B2CD75C800010DA1C /* Preview Assets.xcassets in Resources */,
				1DEC800F2CD0B199009A8E81 /* Stickers in Resources */,
				1D4EDC392CDAAD2000742E4C /* Assets.xcassets in Resources */,
			);
			runOnlyForDeploymentPostprocessing = 0;
		};
/* End PBXResourcesBuildPhase section */

/* Begin PBXSourcesBuildPhase section */
		1D758C0E2CC0E71800BFA876 /* Sources */ = {
			isa = PBXSourcesBuildPhase;
			buildActionMask = 2147483647;
			files = (
				1D0C12482CC8C607006490F3 /* CardDetailView.swift in Sources */,
				1D0C12422CC8BFD5006490F3 /* CardElement.swift in Sources */,
				1D4DCF372CDAA0680055858B /* LayoutView.swift in Sources */,
				1DEC80122CD0B21E009A8E81 /* StickerModal.swift in Sources */,
				1D758C262CC0E8AB00BFA876 /* CardThumbnail.swift in Sources */,
				1D880F882CE331E600082A39 /* TextView.swift in Sources */,
				1D7055F82CC736CB0008E775 /* Operators.swift in Sources */,
				1D880F862CE331C500082A39 /* ShareCardView.swift in Sources */,
				1D5BFE0B2CD74C0C0091D7D6 /* FrameModal.swift in Sources */,
				1D7056002CC759A90008E775 /* CardToolbar.swift in Sources */,
				1D758C182CC0E71800BFA876 /* ContentView.swift in Sources */,
				1D48309C2CD0BCC100CEEC43 /* UIImageExtensions.swift in Sources */,
				1D7056042CC75E5E0008E775 /* TextExtensions.swift in Sources */,
				1D0C12442CC8BFFE006490F3 /* Card.swift in Sources */,
				1D4830A02CD0BEDA00CEEC43 /* ElementContextMenu.swift in Sources */,
				1D3551F32CD9F1540024C9DF /* TextModal.swift in Sources */,
				1D7056022CC75E410008E775 /* PreviewData.swift in Sources */,
				1D79E1E32CC374370025909A /* ResizableView.swift in Sources */,
				1D758C242CC0E7C800BFA876 /* CardsListView.swift in Sources */,
				1DD1D6552CC212C20060FC91 /* ToolbarSelection.swift in Sources */,
				1D880F842CE3319D00082A39 /* Carousel.swift in Sources */,
				1D758C282CC0E96B00BFA876 /* SingleCardView.swift in Sources */,
				1D880F722CE32D9E00082A39 /* ListSelection.swift in Sources */,
				1DD1D6532CC212B00060FC91 /* BottomToolbar.swift in Sources */,
				1D7055F62CC7345E0008E775 /* Transform.swift in Sources */,
				1D0C124A2CC8C6B3006490F3 /* CardElementView.swift in Sources */,
				1D7055FB2CC757DA0008E775 /* Settings.swift in Sources */,
				1D0C12462CC8C061006490F3 /* CardStore.swift in Sources */,
				1D146DAB2CE091F700EEC04C /* SplashScreen.swift in Sources */,
				1D880F822CE3317D00082A39 /* AppFonts.swift in Sources */,
				1D758C162CC0E71800BFA876 /* CardsApp.swift in Sources */,
				1D146DA92CE091EA00EEC04C /* AppLoadingView.swift in Sources */,
				1D48309A2CD0B96400CEEC43 /* PhotosModal.swift in Sources */,
				1D5BFE092CD4970F0091D7D6 /* Shapes.swift in Sources */,
				1D7055FE2CC758B60008E775 /* ColorExtensions.swift in Sources */,
				1D48309E2CD0BD3100CEEC43 /* CustomTransfer.swift in Sources */,
				1D3551F12CD9E89B0024C9DF /* AngleExtensions.swift in Sources */,
			);
			runOnlyForDeploymentPostprocessing = 0;
		};
/* End PBXSourcesBuildPhase section */

/* Begin XCBuildConfiguration section */
		1D758C1E2CC0E71A00BFA876 /* Debug */ = {
			isa = XCBuildConfiguration;
			buildSettings = {
				ALWAYS_SEARCH_USER_PATHS = NO;
				CLANG_ANALYZER_NONNULL = YES;
				CLANG_ANALYZER_NUMBER_OBJECT_CONVERSION = YES_AGGRESSIVE;
				CLANG_CXX_LANGUAGE_STANDARD = "gnu++20";
				CLANG_ENABLE_MODULES = YES;
				CLANG_ENABLE_OBJC_ARC = YES;
				CLANG_ENABLE_OBJC_WEAK = YES;
				CLANG_WARN_BLOCK_CAPTURE_AUTORELEASING = YES;
				CLANG_WARN_BOOL_CONVERSION = YES;
				CLANG_WARN_COMMA = YES;
				CLANG_WARN_CONSTANT_CONVERSION = YES;
				CLANG_WARN_DEPRECATED_OBJC_IMPLEMENTATIONS = YES;
				CLANG_WARN_DIRECT_OBJC_ISA_USAGE = YES_ERROR;
				CLANG_WARN_DOCUMENTATION_COMMENTS = YES;
				CLANG_WARN_EMPTY_BODY = YES;
				CLANG_WARN_ENUM_CONVERSION = YES;
				CLANG_WARN_INFINITE_RECURSION = YES;
				CLANG_WARN_INT_CONVERSION = YES;
				CLANG_WARN_NON_LITERAL_NULL_CONVERSION = YES;
				CLANG_WARN_OBJC_IMPLICIT_RETAIN_SELF = YES;
				CLANG_WARN_OBJC_LITERAL_CONVERSION = YES;
				CLANG_WARN_OBJC_ROOT_CLASS = YES_ERROR;
				CLANG_WARN_QUOTED_INCLUDE_IN_FRAMEWORK_HEADER = YES;
				CLANG_WARN_RANGE_LOOP_ANALYSIS = YES;
				CLANG_WARN_STRICT_PROTOTYPES = YES;
				CLANG_WARN_SUSPICIOUS_MOVE = YES;
				CLANG_WARN_UNGUARDED_AVAILABILITY = YES_AGGRESSIVE;
				CLANG_WARN_UNREACHABLE_CODE = YES;
				CLANG_WARN__DUPLICATE_METHOD_MATCH = YES;
				COPY_PHASE_STRIP = NO;
				DEBUG_INFORMATION_FORMAT = dwarf;
				ENABLE_STRICT_OBJC_MSGSEND = YES;
				ENABLE_TESTABILITY = YES;
				GCC_C_LANGUAGE_STANDARD = gnu11;
				GCC_DYNAMIC_NO_PIC = NO;
				GCC_NO_COMMON_BLOCKS = YES;
				GCC_OPTIMIZATION_LEVEL = 0;
				GCC_PREPROCESSOR_DEFINITIONS = (
					"DEBUG=1",
					"$(inherited)",
				);
				GCC_WARN_64_TO_32_BIT_CONVERSION = YES;
				GCC_WARN_ABOUT_RETURN_TYPE = YES_ERROR;
				GCC_WARN_UNDECLARED_SELECTOR = YES;
				GCC_WARN_UNINITIALIZED_AUTOS = YES_AGGRESSIVE;
				GCC_WARN_UNUSED_FUNCTION = YES;
				GCC_WARN_UNUSED_VARIABLE = YES;
				IPHONEOS_DEPLOYMENT_TARGET = 16.4;
				MTL_ENABLE_DEBUG_INFO = INCLUDE_SOURCE;
				MTL_FAST_MATH = YES;
				ONLY_ACTIVE_ARCH = YES;
				SDKROOT = iphoneos;
				SWIFT_ACTIVE_COMPILATION_CONDITIONS = DEBUG;
				SWIFT_OPTIMIZATION_LEVEL = "-Onone";
			};
			name = Debug;
		};
		1D758C1F2CC0E71A00BFA876 /* Release */ = {
			isa = XCBuildConfiguration;
			buildSettings = {
				ALWAYS_SEARCH_USER_PATHS = NO;
				CLANG_ANALYZER_NONNULL = YES;
				CLANG_ANALYZER_NUMBER_OBJECT_CONVERSION = YES_AGGRESSIVE;
				CLANG_CXX_LANGUAGE_STANDARD = "gnu++20";
				CLANG_ENABLE_MODULES = YES;
				CLANG_ENABLE_OBJC_ARC = YES;
				CLANG_ENABLE_OBJC_WEAK = YES;
				CLANG_WARN_BLOCK_CAPTURE_AUTORELEASING = YES;
				CLANG_WARN_BOOL_CONVERSION = YES;
				CLANG_WARN_COMMA = YES;
				CLANG_WARN_CONSTANT_CONVERSION = YES;
				CLANG_WARN_DEPRECATED_OBJC_IMPLEMENTATIONS = YES;
				CLANG_WARN_DIRECT_OBJC_ISA_USAGE = YES_ERROR;
				CLANG_WARN_DOCUMENTATION_COMMENTS = YES;
				CLANG_WARN_EMPTY_BODY = YES;
				CLANG_WARN_ENUM_CONVERSION = YES;
				CLANG_WARN_INFINITE_RECURSION = YES;
				CLANG_WARN_INT_CONVERSION = YES;
				CLANG_WARN_NON_LITERAL_NULL_CONVERSION = YES;
				CLANG_WARN_OBJC_IMPLICIT_RETAIN_SELF = YES;
				CLANG_WARN_OBJC_LITERAL_CONVERSION = YES;
				CLANG_WARN_OBJC_ROOT_CLASS = YES_ERROR;
				CLANG_WARN_QUOTED_INCLUDE_IN_FRAMEWORK_HEADER = YES;
				CLANG_WARN_RANGE_LOOP_ANALYSIS = YES;
				CLANG_WARN_STRICT_PROTOTYPES = YES;
				CLANG_WARN_SUSPICIOUS_MOVE = YES;
				CLANG_WARN_UNGUARDED_AVAILABILITY = YES_AGGRESSIVE;
				CLANG_WARN_UNREACHABLE_CODE = YES;
				CLANG_WARN__DUPLICATE_METHOD_MATCH = YES;
				COPY_PHASE_STRIP = NO;
				DEBUG_INFORMATION_FORMAT = "dwarf-with-dsym";
				ENABLE_NS_ASSERTIONS = NO;
				ENABLE_STRICT_OBJC_MSGSEND = YES;
				GCC_C_LANGUAGE_STANDARD = gnu11;
				GCC_NO_COMMON_BLOCKS = YES;
				GCC_WARN_64_TO_32_BIT_CONVERSION = YES;
				GCC_WARN_ABOUT_RETURN_TYPE = YES_ERROR;
				GCC_WARN_UNDECLARED_SELECTOR = YES;
				GCC_WARN_UNINITIALIZED_AUTOS = YES_AGGRESSIVE;
				GCC_WARN_UNUSED_FUNCTION = YES;
				GCC_WARN_UNUSED_VARIABLE = YES;
				IPHONEOS_DEPLOYMENT_TARGET = 16.4;
				MTL_ENABLE_DEBUG_INFO = NO;
				MTL_FAST_MATH = YES;
				SDKROOT = iphoneos;
				SWIFT_COMPILATION_MODE = wholemodule;
				SWIFT_OPTIMIZATION_LEVEL = "-O";
				VALIDATE_PRODUCT = YES;
			};
			name = Release;
		};
		1D758C212CC0E71A00BFA876 /* Debug */ = {
			isa = XCBuildConfiguration;
			buildSettings = {
				ASSETCATALOG_COMPILER_APPICON_NAME = AppIcon;
				ASSETCATALOG_COMPILER_GLOBAL_ACCENT_COLOR_NAME = AccentColor;
				CODE_SIGN_STYLE = Automatic;
				CURRENT_PROJECT_VERSION = 1;
				DEVELOPMENT_ASSET_PATHS = "\"Cards/Preview Content\"";
				DEVELOPMENT_TEAM = AMLW79W563;
				ENABLE_PREVIEWS = YES;
				GENERATE_INFOPLIST_FILE = YES;
				INFOPLIST_FILE = Cards/Info.plist;
				INFOPLIST_KEY_NSPhotoLibraryAddUsageDescription = "Cards will save your card to the Photo Library";
				INFOPLIST_KEY_UIApplicationSceneManifest_Generation = YES;
				INFOPLIST_KEY_UIApplicationSupportsIndirectInputEvents = YES;
				INFOPLIST_KEY_UISupportedInterfaceOrientations_iPad = "UIInterfaceOrientationPortrait UIInterfaceOrientationPortraitUpsideDown UIInterfaceOrientationLandscapeLeft UIInterfaceOrientationLandscapeRight";
				INFOPLIST_KEY_UISupportedInterfaceOrientations_iPhone = "UIInterfaceOrientationPortrait UIInterfaceOrientationLandscapeLeft UIInterfaceOrientationLandscapeRight";
				LD_RUNPATH_SEARCH_PATHS = (
					"$(inherited)",
					"@executable_path/Frameworks",
				);
				MARKETING_VERSION = 1.0;
				PRODUCT_BUNDLE_IDENTIFIER = org.tesne.Cards;
				PRODUCT_NAME = "$(TARGET_NAME)";
				SWIFT_EMIT_LOC_STRINGS = YES;
				SWIFT_VERSION = 5.0;
				TARGETED_DEVICE_FAMILY = "1,2";
			};
			name = Debug;
		};
		1D758C222CC0E71A00BFA876 /* Release */ = {
			isa = XCBuildConfiguration;
			buildSettings = {
				ASSETCATALOG_COMPILER_APPICON_NAME = AppIcon;
				ASSETCATALOG_COMPILER_GLOBAL_ACCENT_COLOR_NAME = AccentColor;
				CODE_SIGN_STYLE = Automatic;
				CURRENT_PROJECT_VERSION = 1;
				DEVELOPMENT_ASSET_PATHS = "\"Cards/Preview Content\"";
				DEVELOPMENT_TEAM = AMLW79W563;
				ENABLE_PREVIEWS = YES;
				GENERATE_INFOPLIST_FILE = YES;
				INFOPLIST_FILE = Cards/Info.plist;
				INFOPLIST_KEY_NSPhotoLibraryAddUsageDescription = "Cards will save your card to the Photo Library";
				INFOPLIST_KEY_UIApplicationSceneManifest_Generation = YES;
				INFOPLIST_KEY_UIApplicationSupportsIndirectInputEvents = YES;
				INFOPLIST_KEY_UISupportedInterfaceOrientations_iPad = "UIInterfaceOrientationPortrait UIInterfaceOrientationPortraitUpsideDown UIInterfaceOrientationLandscapeLeft UIInterfaceOrientationLandscapeRight";
				INFOPLIST_KEY_UISupportedInterfaceOrientations_iPhone = "UIInterfaceOrientationPortrait UIInterfaceOrientationLandscapeLeft UIInterfaceOrientationLandscapeRight";
				LD_RUNPATH_SEARCH_PATHS = (
					"$(inherited)",
					"@executable_path/Frameworks",
				);
				MARKETING_VERSION = 1.0;
				PRODUCT_BUNDLE_IDENTIFIER = org.tesne.Cards;
				PRODUCT_NAME = "$(TARGET_NAME)";
				SWIFT_EMIT_LOC_STRINGS = YES;
				SWIFT_VERSION = 5.0;
				TARGETED_DEVICE_FAMILY = "1,2";
			};
			name = Release;
		};
/* End XCBuildConfiguration section */

/* Begin XCConfigurationList section */
		1D758C0D2CC0E71800BFA876 /* Build configuration list for PBXProject "Cards" */ = {
			isa = XCConfigurationList;
			buildConfigurations = (
				1D758C1E2CC0E71A00BFA876 /* Debug */,
				1D758C1F2CC0E71A00BFA876 /* Release */,
			);
			defaultConfigurationIsVisible = 0;
			defaultConfigurationName = Release;
		};
		1D758C202CC0E71A00BFA876 /* Build configuration list for PBXNativeTarget "Cards" */ = {
			isa = XCConfigurationList;
			buildConfigurations = (
				1D758C212CC0E71A00BFA876 /* Debug */,
				1D758C222CC0E71A00BFA876 /* Release */,
			);
			defaultConfigurationIsVisible = 0;
			defaultConfigurationName = Release;
		};
/* End XCConfigurationList section */
	};
	rootObject = 1D758C0A2CC0E71800BFA876 /* Project object */;
}
